// !$*UTF8*$!
{
	archiveVersion = 1;
	classes = {
	};
	objectVersion = 46;
	objects = {

/* Begin PBXBuildFile section */
		DF1E94AB17ACAF5C0090E6BD /* Foundation.framework in Frameworks */ = {isa = PBXBuildFile; fileRef = DF1E94AA17ACAF5C0090E6BD /* Foundation.framework */; };
		DF1E94AD17ACAF5C0090E6BD /* CoreGraphics.framework in Frameworks */ = {isa = PBXBuildFile; fileRef = DF1E94AC17ACAF5C0090E6BD /* CoreGraphics.framework */; };
		DF1E94AF17ACAF5C0090E6BD /* UIKit.framework in Frameworks */ = {isa = PBXBuildFile; fileRef = DF1E94AE17ACAF5C0090E6BD /* UIKit.framework */; };
		DF1E94B517ACAF5C0090E6BD /* InfoPlist.strings in Resources */ = {isa = PBXBuildFile; fileRef = DF1E94B317ACAF5C0090E6BD /* InfoPlist.strings */; };
		DF1E94B717ACAF5C0090E6BD /* main.m in Sources */ = {isa = PBXBuildFile; fileRef = DF1E94B617ACAF5C0090E6BD /* main.m */; };
		DF1E94BB17ACAF5C0090E6BD /* TheVergenizerAppDelegate.m in Sources */ = {isa = PBXBuildFile; fileRef = DF1E94BA17ACAF5C0090E6BD /* TheVergenizerAppDelegate.m */; };
		DF1E94C117ACAF5C0090E6BD /* Main_iPad.storyboard in Resources */ = {isa = PBXBuildFile; fileRef = DF1E94BF17ACAF5C0090E6BD /* Main_iPad.storyboard */; };
		DF1E94C617ACAF5C0090E6BD /* Images.xcassets in Resources */ = {isa = PBXBuildFile; fileRef = DF1E94C517ACAF5C0090E6BD /* Images.xcassets */; };
		DF1E94CD17ACAF5D0090E6BD /* XCTest.framework in Frameworks */ = {isa = PBXBuildFile; fileRef = DF1E94CC17ACAF5D0090E6BD /* XCTest.framework */; };
		DF1E94CE17ACAF5D0090E6BD /* Foundation.framework in Frameworks */ = {isa = PBXBuildFile; fileRef = DF1E94AA17ACAF5C0090E6BD /* Foundation.framework */; };
		DF1E94CF17ACAF5D0090E6BD /* UIKit.framework in Frameworks */ = {isa = PBXBuildFile; fileRef = DF1E94AE17ACAF5C0090E6BD /* UIKit.framework */; };
		DF1E94D717ACAF5D0090E6BD /* InfoPlist.strings in Resources */ = {isa = PBXBuildFile; fileRef = DF1E94D517ACAF5D0090E6BD /* InfoPlist.strings */; };
		DF1E94D917ACAF5D0090E6BD /* The_Vergenizer_Tests.m in Sources */ = {isa = PBXBuildFile; fileRef = DF1E94D817ACAF5D0090E6BD /* The_Vergenizer_Tests.m */; };
		DF1E94FD17ACAFAB0090E6BD /* Main_iPhone.storyboard in Resources */ = {isa = PBXBuildFile; fileRef = DF1E94E217ACAFAB0090E6BD /* Main_iPhone.storyboard */; };
		DF1E94FE17ACAFAB0090E6BD /* VergenizerCVC.m in Sources */ = {isa = PBXBuildFile; fileRef = DF1E94E417ACAFAB0090E6BD /* VergenizerCVC.m */; };
		DF1E94FF17ACAFAB0090E6BD /* AlbumCVC.m in Sources */ = {isa = PBXBuildFile; fileRef = DF1E94E617ACAFAB0090E6BD /* AlbumCVC.m */; };
		DF1E950017ACAFAB0090E6BD /* VergenizerImageView.m in Sources */ = {isa = PBXBuildFile; fileRef = DF1E94E817ACAFAB0090E6BD /* VergenizerImageView.m */; };
		DF1E950117ACAFAB0090E6BD /* AssetView.m in Sources */ = {isa = PBXBuildFile; fileRef = DF1E94EA17ACAFAB0090E6BD /* AssetView.m */; };
		DF1E950217ACAFAB0090E6BD /* vergenizerDetailViewController.m in Sources */ = {isa = PBXBuildFile; fileRef = DF1E94EC17ACAFAB0090E6BD /* vergenizerDetailViewController.m */; };
		DF1E950317ACAFAB0090E6BD /* DetailView.m in Sources */ = {isa = PBXBuildFile; fileRef = DF1E94EE17ACAFAB0090E6BD /* DetailView.m */; };
		DF1E950417ACAFAB0090E6BD /* ImageViewController.m in Sources */ = {isa = PBXBuildFile; fileRef = DF1E94F017ACAFAB0090E6BD /* ImageViewController.m */; };
		DF1E950517ACAFAB0090E6BD /* AlbumViewController.m in Sources */ = {isa = PBXBuildFile; fileRef = DF1E94F217ACAFAB0090E6BD /* AlbumViewController.m */; };
		DF1E950617ACAFAB0090E6BD /* PickerViewController.m in Sources */ = {isa = PBXBuildFile; fileRef = DF1E94F417ACAFAB0090E6BD /* PickerViewController.m */; };
		DF1E950717ACAFAB0090E6BD /* VergenizerViewController.m in Sources */ = {isa = PBXBuildFile; fileRef = DF1E94F617ACAFAB0090E6BD /* VergenizerViewController.m */; };
		DF1E950817ACAFAB0090E6BD /* WatermarkHandler.m in Sources */ = {isa = PBXBuildFile; fileRef = DF1E94F817ACAFAB0090E6BD /* WatermarkHandler.m */; };
		DF1E950917ACAFAB0090E6BD /* AssetObject.m in Sources */ = {isa = PBXBuildFile; fileRef = DF1E94FA17ACAFAB0090E6BD /* AssetObject.m */; };
		DF1E950A17ACAFAB0090E6BD /* PhotoHandler.m in Sources */ = {isa = PBXBuildFile; fileRef = DF1E94FC17ACAFAB0090E6BD /* PhotoHandler.m */; };
/* End PBXBuildFile section */

/* Begin PBXContainerItemProxy section */
		DF1E94D017ACAF5D0090E6BD /* PBXContainerItemProxy */ = {
			isa = PBXContainerItemProxy;
			containerPortal = DF1E949F17ACAF5C0090E6BD /* Project object */;
			proxyType = 1;
			remoteGlobalIDString = DF1E94A617ACAF5C0090E6BD;
			remoteInfo = "The Vergenizer™";
		};
/* End PBXContainerItemProxy section */

/* Begin PBXFileReference section */
		DF1E94A717ACAF5C0090E6BD /* The Vergenizer™.app */ = {isa = PBXFileReference; explicitFileType = wrapper.application; includeInIndex = 0; path = "The Vergenizer™.app"; sourceTree = BUILT_PRODUCTS_DIR; };
		DF1E94AA17ACAF5C0090E6BD /* Foundation.framework */ = {isa = PBXFileReference; lastKnownFileType = wrapper.framework; name = Foundation.framework; path = System/Library/Frameworks/Foundation.framework; sourceTree = SDKROOT; };
		DF1E94AC17ACAF5C0090E6BD /* CoreGraphics.framework */ = {isa = PBXFileReference; lastKnownFileType = wrapper.framework; name = CoreGraphics.framework; path = System/Library/Frameworks/CoreGraphics.framework; sourceTree = SDKROOT; };
		DF1E94AE17ACAF5C0090E6BD /* UIKit.framework */ = {isa = PBXFileReference; lastKnownFileType = wrapper.framework; name = UIKit.framework; path = System/Library/Frameworks/UIKit.framework; sourceTree = SDKROOT; };
		DF1E94B217ACAF5C0090E6BD /* The Vergenizer™-Info.plist */ = {isa = PBXFileReference; lastKnownFileType = text.plist.xml; path = "The Vergenizer™-Info.plist"; sourceTree = "<group>"; };
		DF1E94B417ACAF5C0090E6BD /* en */ = {isa = PBXFileReference; lastKnownFileType = text.plist.strings; name = en; path = en.lproj/InfoPlist.strings; sourceTree = "<group>"; };
		DF1E94B617ACAF5C0090E6BD /* main.m */ = {isa = PBXFileReference; lastKnownFileType = sourcecode.c.objc; path = main.m; sourceTree = "<group>"; };
		DF1E94B817ACAF5C0090E6BD /* The Vergenizer™-Prefix.pch */ = {isa = PBXFileReference; lastKnownFileType = sourcecode.c.h; path = "The Vergenizer™-Prefix.pch"; sourceTree = "<group>"; };
		DF1E94B917ACAF5C0090E6BD /* TheVergenizerAppDelegate.h */ = {isa = PBXFileReference; lastKnownFileType = sourcecode.c.h; path = TheVergenizerAppDelegate.h; sourceTree = "<group>"; };
		DF1E94BA17ACAF5C0090E6BD /* TheVergenizerAppDelegate.m */ = {isa = PBXFileReference; lastKnownFileType = sourcecode.c.objc; path = TheVergenizerAppDelegate.m; sourceTree = "<group>"; };
		DF1E94C017ACAF5C0090E6BD /* Base */ = {isa = PBXFileReference; lastKnownFileType = file.storyboard; name = Base; path = Base.lproj/Main_iPad.storyboard; sourceTree = "<group>"; };
		DF1E94C517ACAF5C0090E6BD /* Images.xcassets */ = {isa = PBXFileReference; lastKnownFileType = folder.assetcatalog; path = Images.xcassets; sourceTree = "<group>"; };
		DF1E94CB17ACAF5D0090E6BD /* The Vergenizer™Tests.xctest */ = {isa = PBXFileReference; explicitFileType = wrapper.cfbundle; includeInIndex = 0; path = "The Vergenizer™Tests.xctest"; sourceTree = BUILT_PRODUCTS_DIR; };
		DF1E94CC17ACAF5D0090E6BD /* XCTest.framework */ = {isa = PBXFileReference; lastKnownFileType = wrapper.framework; name = XCTest.framework; path = Library/Frameworks/XCTest.framework; sourceTree = DEVELOPER_DIR; };
		DF1E94D417ACAF5D0090E6BD /* The Vergenizer™Tests-Info.plist */ = {isa = PBXFileReference; lastKnownFileType = text.plist.xml; path = "The Vergenizer™Tests-Info.plist"; sourceTree = "<group>"; };
		DF1E94D617ACAF5D0090E6BD /* en */ = {isa = PBXFileReference; lastKnownFileType = text.plist.strings; name = en; path = en.lproj/InfoPlist.strings; sourceTree = "<group>"; };
		DF1E94D817ACAF5D0090E6BD /* The_Vergenizer_Tests.m */ = {isa = PBXFileReference; lastKnownFileType = sourcecode.c.objc; path = The_Vergenizer_Tests.m; sourceTree = "<group>"; };
		DF1E94E217ACAFAB0090E6BD /* Main_iPhone.storyboard */ = {isa = PBXFileReference; fileEncoding = 4; lastKnownFileType = file.storyboard; path = Main_iPhone.storyboard; sourceTree = "<group>"; };
		DF1E94E317ACAFAB0090E6BD /* VergenizerCVC.h */ = {isa = PBXFileReference; fileEncoding = 4; lastKnownFileType = sourcecode.c.h; path = VergenizerCVC.h; sourceTree = "<group>"; };
		DF1E94E417ACAFAB0090E6BD /* VergenizerCVC.m */ = {isa = PBXFileReference; fileEncoding = 4; lastKnownFileType = sourcecode.c.objc; path = VergenizerCVC.m; sourceTree = "<group>"; };
		DF1E94E517ACAFAB0090E6BD /* AlbumCVC.h */ = {isa = PBXFileReference; fileEncoding = 4; lastKnownFileType = sourcecode.c.h; path = AlbumCVC.h; sourceTree = "<group>"; };
		DF1E94E617ACAFAB0090E6BD /* AlbumCVC.m */ = {isa = PBXFileReference; fileEncoding = 4; lastKnownFileType = sourcecode.c.objc; path = AlbumCVC.m; sourceTree = "<group>"; };
		DF1E94E717ACAFAB0090E6BD /* VergenizerImageView.h */ = {isa = PBXFileReference; fileEncoding = 4; lastKnownFileType = sourcecode.c.h; path = VergenizerImageView.h; sourceTree = "<group>"; };
		DF1E94E817ACAFAB0090E6BD /* VergenizerImageView.m */ = {isa = PBXFileReference; fileEncoding = 4; lastKnownFileType = sourcecode.c.objc; path = VergenizerImageView.m; sourceTree = "<group>"; };
		DF1E94E917ACAFAB0090E6BD /* AssetView.h */ = {isa = PBXFileReference; fileEncoding = 4; lastKnownFileType = sourcecode.c.h; path = AssetView.h; sourceTree = "<group>"; };
		DF1E94EA17ACAFAB0090E6BD /* AssetView.m */ = {isa = PBXFileReference; fileEncoding = 4; lastKnownFileType = sourcecode.c.objc; path = AssetView.m; sourceTree = "<group>"; };
		DF1E94EB17ACAFAB0090E6BD /* vergenizerDetailViewController.h */ = {isa = PBXFileReference; fileEncoding = 4; lastKnownFileType = sourcecode.c.h; path = vergenizerDetailViewController.h; sourceTree = "<group>"; };
		DF1E94EC17ACAFAB0090E6BD /* vergenizerDetailViewController.m */ = {isa = PBXFileReference; fileEncoding = 4; lastKnownFileType = sourcecode.c.objc; path = vergenizerDetailViewController.m; sourceTree = "<group>"; };
		DF1E94ED17ACAFAB0090E6BD /* DetailView.h */ = {isa = PBXFileReference; fileEncoding = 4; lastKnownFileType = sourcecode.c.h; path = DetailView.h; sourceTree = "<group>"; };
		DF1E94EE17ACAFAB0090E6BD /* DetailView.m */ = {isa = PBXFileReference; fileEncoding = 4; lastKnownFileType = sourcecode.c.objc; path = DetailView.m; sourceTree = "<group>"; };
		DF1E94EF17ACAFAB0090E6BD /* ImageViewController.h */ = {isa = PBXFileReference; fileEncoding = 4; lastKnownFileType = sourcecode.c.h; path = ImageViewController.h; sourceTree = "<group>"; };
		DF1E94F017ACAFAB0090E6BD /* ImageViewController.m */ = {isa = PBXFileReference; fileEncoding = 4; lastKnownFileType = sourcecode.c.objc; path = ImageViewController.m; sourceTree = "<group>"; };
		DF1E94F117ACAFAB0090E6BD /* AlbumViewController.h */ = {isa = PBXFileReference; fileEncoding = 4; lastKnownFileType = sourcecode.c.h; path = AlbumViewController.h; sourceTree = "<group>"; };
		DF1E94F217ACAFAB0090E6BD /* AlbumViewController.m */ = {isa = PBXFileReference; fileEncoding = 4; lastKnownFileType = sourcecode.c.objc; path = AlbumViewController.m; sourceTree = "<group>"; };
		DF1E94F317ACAFAB0090E6BD /* PickerViewController.h */ = {isa = PBXFileReference; fileEncoding = 4; lastKnownFileType = sourcecode.c.h; path = PickerViewController.h; sourceTree = "<group>"; };
		DF1E94F417ACAFAB0090E6BD /* PickerViewController.m */ = {isa = PBXFileReference; fileEncoding = 4; lastKnownFileType = sourcecode.c.objc; path = PickerViewController.m; sourceTree = "<group>"; };
		DF1E94F517ACAFAB0090E6BD /* VergenizerViewController.h */ = {isa = PBXFileReference; fileEncoding = 4; lastKnownFileType = sourcecode.c.h; path = VergenizerViewController.h; sourceTree = "<group>"; };
		DF1E94F617ACAFAB0090E6BD /* VergenizerViewController.m */ = {isa = PBXFileReference; fileEncoding = 4; lastKnownFileType = sourcecode.c.objc; path = VergenizerViewController.m; sourceTree = "<group>"; };
		DF1E94F717ACAFAB0090E6BD /* WatermarkHandler.h */ = {isa = PBXFileReference; fileEncoding = 4; lastKnownFileType = sourcecode.c.h; path = WatermarkHandler.h; sourceTree = "<group>"; };
		DF1E94F817ACAFAB0090E6BD /* WatermarkHandler.m */ = {isa = PBXFileReference; fileEncoding = 4; lastKnownFileType = sourcecode.c.objc; path = WatermarkHandler.m; sourceTree = "<group>"; };
		DF1E94F917ACAFAB0090E6BD /* AssetObject.h */ = {isa = PBXFileReference; fileEncoding = 4; lastKnownFileType = sourcecode.c.h; path = AssetObject.h; sourceTree = "<group>"; };
		DF1E94FA17ACAFAB0090E6BD /* AssetObject.m */ = {isa = PBXFileReference; fileEncoding = 4; lastKnownFileType = sourcecode.c.objc; path = AssetObject.m; sourceTree = "<group>"; };
		DF1E94FB17ACAFAB0090E6BD /* PhotoHandler.h */ = {isa = PBXFileReference; fileEncoding = 4; lastKnownFileType = sourcecode.c.h; path = PhotoHandler.h; sourceTree = "<group>"; };
		DF1E94FC17ACAFAB0090E6BD /* PhotoHandler.m */ = {isa = PBXFileReference; fileEncoding = 4; lastKnownFileType = sourcecode.c.objc; path = PhotoHandler.m; sourceTree = "<group>"; };
/* End PBXFileReference section */

/* Begin PBXFrameworksBuildPhase section */
		DF1E94A417ACAF5C0090E6BD /* Frameworks */ = {
			isa = PBXFrameworksBuildPhase;
			buildActionMask = 2147483647;
			files = (
				DF1E94AD17ACAF5C0090E6BD /* CoreGraphics.framework in Frameworks */,
				DF1E94AF17ACAF5C0090E6BD /* UIKit.framework in Frameworks */,
				DF1E94AB17ACAF5C0090E6BD /* Foundation.framework in Frameworks */,
			);
			runOnlyForDeploymentPostprocessing = 0;
		};
		DF1E94C817ACAF5D0090E6BD /* Frameworks */ = {
			isa = PBXFrameworksBuildPhase;
			buildActionMask = 2147483647;
			files = (
				DF1E94CD17ACAF5D0090E6BD /* XCTest.framework in Frameworks */,
				DF1E94CF17ACAF5D0090E6BD /* UIKit.framework in Frameworks */,
				DF1E94CE17ACAF5D0090E6BD /* Foundation.framework in Frameworks */,
			);
			runOnlyForDeploymentPostprocessing = 0;
		};
/* End PBXFrameworksBuildPhase section */

/* Begin PBXGroup section */
		DF1E949E17ACAF5C0090E6BD = {
			isa = PBXGroup;
			children = (
				DF1E94B017ACAF5C0090E6BD /* The Vergenizer™ */,
				DF1E94D217ACAF5D0090E6BD /* The Vergenizer™Tests */,
				DF1E94A917ACAF5C0090E6BD /* Frameworks */,
				DF1E94A817ACAF5C0090E6BD /* Products */,
			);
			sourceTree = "<group>";
		};
		DF1E94A817ACAF5C0090E6BD /* Products */ = {
			isa = PBXGroup;
			children = (
				DF1E94A717ACAF5C0090E6BD /* The Vergenizer™.app */,
				DF1E94CB17ACAF5D0090E6BD /* The Vergenizer™Tests.xctest */,
			);
			name = Products;
			sourceTree = "<group>";
		};
		DF1E94A917ACAF5C0090E6BD /* Frameworks */ = {
			isa = PBXGroup;
			children = (
				DF1E94AA17ACAF5C0090E6BD /* Foundation.framework */,
				DF1E94AC17ACAF5C0090E6BD /* CoreGraphics.framework */,
				DF1E94AE17ACAF5C0090E6BD /* UIKit.framework */,
				DF1E94CC17ACAF5D0090E6BD /* XCTest.framework */,
			);
			name = Frameworks;
			sourceTree = "<group>";
		};
		DF1E94B017ACAF5C0090E6BD /* The Vergenizer™ */ = {
			isa = PBXGroup;
			children = (
				DF1E94E217ACAFAB0090E6BD /* Main_iPhone.storyboard */,
				DF1E94E317ACAFAB0090E6BD /* VergenizerCVC.h */,
				DF1E94E417ACAFAB0090E6BD /* VergenizerCVC.m */,
				DF1E94E517ACAFAB0090E6BD /* AlbumCVC.h */,
				DF1E94E617ACAFAB0090E6BD /* AlbumCVC.m */,
				DF1E94E717ACAFAB0090E6BD /* VergenizerImageView.h */,
				DF1E94E817ACAFAB0090E6BD /* VergenizerImageView.m */,
				DF1E94E917ACAFAB0090E6BD /* AssetView.h */,
				DF1E94EA17ACAFAB0090E6BD /* AssetView.m */,
				DF1E94EB17ACAFAB0090E6BD /* vergenizerDetailViewController.h */,
				DF1E94EC17ACAFAB0090E6BD /* vergenizerDetailViewController.m */,
				DF1E94ED17ACAFAB0090E6BD /* DetailView.h */,
				DF1E94EE17ACAFAB0090E6BD /* DetailView.m */,
				DF1E94EF17ACAFAB0090E6BD /* ImageViewController.h */,
				DF1E94F017ACAFAB0090E6BD /* ImageViewController.m */,
				DF1E94F117ACAFAB0090E6BD /* AlbumViewController.h */,
				DF1E94F217ACAFAB0090E6BD /* AlbumViewController.m */,
				DF1E94F317ACAFAB0090E6BD /* PickerViewController.h */,
				DF1E94F417ACAFAB0090E6BD /* PickerViewController.m */,
				DF1E94F517ACAFAB0090E6BD /* VergenizerViewController.h */,
				DF1E94F617ACAFAB0090E6BD /* VergenizerViewController.m */,
				DF1E950B17ACAFB70090E6BD /* Model */,
				DF1E94B117ACAF5C0090E6BD /* Supporting Files */,
			);
			path = "The Vergenizer™";
			sourceTree = "<group>";
		};
		DF1E94B117ACAF5C0090E6BD /* Supporting Files */ = {
			isa = PBXGroup;
			children = (
				DF1E94B917ACAF5C0090E6BD /* TheVergenizerAppDelegate.h */,
				DF1E94BA17ACAF5C0090E6BD /* TheVergenizerAppDelegate.m */,
				DF1E94BF17ACAF5C0090E6BD /* Main_iPad.storyboard */,
				DF1E94C517ACAF5C0090E6BD /* Images.xcassets */,
				DF1E94B217ACAF5C0090E6BD /* The Vergenizer™-Info.plist */,
				DF1E94B317ACAF5C0090E6BD /* InfoPlist.strings */,
				DF1E94B617ACAF5C0090E6BD /* main.m */,
				DF1E94B817ACAF5C0090E6BD /* The Vergenizer™-Prefix.pch */,
			);
			name = "Supporting Files";
			sourceTree = "<group>";
		};
		DF1E94D217ACAF5D0090E6BD /* The Vergenizer™Tests */ = {
			isa = PBXGroup;
			children = (
				DF1E94D817ACAF5D0090E6BD /* The_Vergenizer_Tests.m */,
				DF1E94D317ACAF5D0090E6BD /* Supporting Files */,
			);
			path = "The Vergenizer™Tests";
			sourceTree = "<group>";
		};
		DF1E94D317ACAF5D0090E6BD /* Supporting Files */ = {
			isa = PBXGroup;
			children = (
				DF1E94D417ACAF5D0090E6BD /* The Vergenizer™Tests-Info.plist */,
				DF1E94D517ACAF5D0090E6BD /* InfoPlist.strings */,
			);
			name = "Supporting Files";
			sourceTree = "<group>";
		};
		DF1E950B17ACAFB70090E6BD /* Model */ = {
			isa = PBXGroup;
			children = (
				DF1E94F717ACAFAB0090E6BD /* WatermarkHandler.h */,
				DF1E94F817ACAFAB0090E6BD /* WatermarkHandler.m */,
				DF1E94F917ACAFAB0090E6BD /* AssetObject.h */,
				DF1E94FA17ACAFAB0090E6BD /* AssetObject.m */,
				DF1E94FB17ACAFAB0090E6BD /* PhotoHandler.h */,
				DF1E94FC17ACAFAB0090E6BD /* PhotoHandler.m */,
			);
			name = Model;
			sourceTree = "<group>";
		};
/* End PBXGroup section */

/* Begin PBXNativeTarget section */
		DF1E94A617ACAF5C0090E6BD /* The Vergenizer™ */ = {
			isa = PBXNativeTarget;
			buildConfigurationList = DF1E94DC17ACAF5D0090E6BD /* Build configuration list for PBXNativeTarget "The Vergenizer™" */;
			buildPhases = (
				DF1E94A317ACAF5C0090E6BD /* Sources */,
				DF1E94A417ACAF5C0090E6BD /* Frameworks */,
				DF1E94A517ACAF5C0090E6BD /* Resources */,
			);
			buildRules = (
			);
			dependencies = (
			);
			name = "The Vergenizer™";
			productName = "The Vergenizer™";
			productReference = DF1E94A717ACAF5C0090E6BD /* The Vergenizer™.app */;
			productType = "com.apple.product-type.application";
		};
		DF1E94CA17ACAF5D0090E6BD /* The Vergenizer™Tests */ = {
			isa = PBXNativeTarget;
			buildConfigurationList = DF1E94DF17ACAF5D0090E6BD /* Build configuration list for PBXNativeTarget "The Vergenizer™Tests" */;
			buildPhases = (
				DF1E94C717ACAF5D0090E6BD /* Sources */,
				DF1E94C817ACAF5D0090E6BD /* Frameworks */,
				DF1E94C917ACAF5D0090E6BD /* Resources */,
			);
			buildRules = (
			);
			dependencies = (
				DF1E94D117ACAF5D0090E6BD /* PBXTargetDependency */,
			);
			name = "The Vergenizer™Tests";
			productName = "The Vergenizer™Tests";
			productReference = DF1E94CB17ACAF5D0090E6BD /* The Vergenizer™Tests.xctest */;
			productType = "com.apple.product-type.bundle.unit-test";
		};
/* End PBXNativeTarget section */

/* Begin PBXProject section */
		DF1E949F17ACAF5C0090E6BD /* Project object */ = {
			isa = PBXProject;
			attributes = {
				CLASSPREFIX = TheVergenizer;
				LastUpgradeCheck = 0500;
				ORGANIZATIONNAME = "Blagdon Jeffrey";
				TargetAttributes = {
					DF1E94CA17ACAF5D0090E6BD = {
						TestTargetID = DF1E94A617ACAF5C0090E6BD;
					};
				};
			};
			buildConfigurationList = DF1E94A217ACAF5C0090E6BD /* Build configuration list for PBXProject "The Vergenizer™" */;
			compatibilityVersion = "Xcode 3.2";
			developmentRegion = English;
			hasScannedForEncodings = 0;
			knownRegions = (
				en,
				Base,
			);
			mainGroup = DF1E949E17ACAF5C0090E6BD;
			productRefGroup = DF1E94A817ACAF5C0090E6BD /* Products */;
			projectDirPath = "";
			projectRoot = "";
			targets = (
				DF1E94A617ACAF5C0090E6BD /* The Vergenizer™ */,
				DF1E94CA17ACAF5D0090E6BD /* The Vergenizer™Tests */,
			);
		};
/* End PBXProject section */

/* Begin PBXResourcesBuildPhase section */
		DF1E94A517ACAF5C0090E6BD /* Resources */ = {
			isa = PBXResourcesBuildPhase;
			buildActionMask = 2147483647;
			files = (
				DF1E94C117ACAF5C0090E6BD /* Main_iPad.storyboard in Resources */,
				DF1E94C617ACAF5C0090E6BD /* Images.xcassets in Resources */,
				DF1E94FD17ACAFAB0090E6BD /* Main_iPhone.storyboard in Resources */,
				DF1E94B517ACAF5C0090E6BD /* InfoPlist.strings in Resources */,
			);
			runOnlyForDeploymentPostprocessing = 0;
		};
		DF1E94C917ACAF5D0090E6BD /* Resources */ = {
			isa = PBXResourcesBuildPhase;
			buildActionMask = 2147483647;
			files = (
				DF1E94D717ACAF5D0090E6BD /* InfoPlist.strings in Resources */,
			);
			runOnlyForDeploymentPostprocessing = 0;
		};
/* End PBXResourcesBuildPhase section */

/* Begin PBXSourcesBuildPhase section */
		DF1E94A317ACAF5C0090E6BD /* Sources */ = {
			isa = PBXSourcesBuildPhase;
			buildActionMask = 2147483647;
			files = (
				DF1E950417ACAFAB0090E6BD /* ImageViewController.m in Sources */,
				DF1E950A17ACAFAB0090E6BD /* PhotoHandler.m in Sources */,
				DF1E94B717ACAF5C0090E6BD /* main.m in Sources */,
				DF1E950717ACAFAB0090E6BD /* VergenizerViewController.m in Sources */,
				DF1E950317ACAFAB0090E6BD /* DetailView.m in Sources */,
				DF1E950917ACAFAB0090E6BD /* AssetObject.m in Sources */,
				DF1E94BB17ACAF5C0090E6BD /* TheVergenizerAppDelegate.m in Sources */,
				DF1E950117ACAFAB0090E6BD /* AssetView.m in Sources */,
				DF1E950217ACAFAB0090E6BD /* vergenizerDetailViewController.m in Sources */,
				DF1E950017ACAFAB0090E6BD /* VergenizerImageView.m in Sources */,
				DF1E950817ACAFAB0090E6BD /* WatermarkHandler.m in Sources */,
				DF1E94FF17ACAFAB0090E6BD /* AlbumCVC.m in Sources */,
				DF1E950517ACAFAB0090E6BD /* AlbumViewController.m in Sources */,
				DF1E950617ACAFAB0090E6BD /* PickerViewController.m in Sources */,
				DF1E94FE17ACAFAB0090E6BD /* VergenizerCVC.m in Sources */,
			);
			runOnlyForDeploymentPostprocessing = 0;
		};
		DF1E94C717ACAF5D0090E6BD /* Sources */ = {
			isa = PBXSourcesBuildPhase;
			buildActionMask = 2147483647;
			files = (
				DF1E94D917ACAF5D0090E6BD /* The_Vergenizer_Tests.m in Sources */,
			);
			runOnlyForDeploymentPostprocessing = 0;
		};
/* End PBXSourcesBuildPhase section */

/* Begin PBXTargetDependency section */
		DF1E94D117ACAF5D0090E6BD /* PBXTargetDependency */ = {
			isa = PBXTargetDependency;
			target = DF1E94A617ACAF5C0090E6BD /* The Vergenizer™ */;
			targetProxy = DF1E94D017ACAF5D0090E6BD /* PBXContainerItemProxy */;
		};
/* End PBXTargetDependency section */

/* Begin PBXVariantGroup section */
		DF1E94B317ACAF5C0090E6BD /* InfoPlist.strings */ = {
			isa = PBXVariantGroup;
			children = (
				DF1E94B417ACAF5C0090E6BD /* en */,
			);
			name = InfoPlist.strings;
			sourceTree = "<group>";
		};
		DF1E94BF17ACAF5C0090E6BD /* Main_iPad.storyboard */ = {
			isa = PBXVariantGroup;
			children = (
				DF1E94C017ACAF5C0090E6BD /* Base */,
			);
			name = Main_iPad.storyboard;
			sourceTree = "<group>";
		};
		DF1E94D517ACAF5D0090E6BD /* InfoPlist.strings */ = {
			isa = PBXVariantGroup;
			children = (
				DF1E94D617ACAF5D0090E6BD /* en */,
			);
			name = InfoPlist.strings;
			sourceTree = "<group>";
		};
/* End PBXVariantGroup section */

/* Begin XCBuildConfiguration section */
		DF1E94DA17ACAF5D0090E6BD /* Debug */ = {
			isa = XCBuildConfiguration;
			buildSettings = {
				ALWAYS_SEARCH_USER_PATHS = NO;
				CLANG_CXX_LANGUAGE_STANDARD = "gnu++0x";
				CLANG_CXX_LIBRARY = "libc++";
				CLANG_ENABLE_MODULES = YES;
				CLANG_ENABLE_OBJC_ARC = YES;
				CLANG_WARN_BOOL_CONVERSION = YES;
				CLANG_WARN_CONSTANT_CONVERSION = YES;
				CLANG_WARN_DIRECT_OBJC_ISA_USAGE = YES_ERROR;
				CLANG_WARN_EMPTY_BODY = YES;
				CLANG_WARN_ENUM_CONVERSION = YES;
				CLANG_WARN_INT_CONVERSION = YES;
				CLANG_WARN_OBJC_ROOT_CLASS = YES_ERROR;
				CLANG_WARN__DUPLICATE_METHOD_MATCH = YES;
				"CODE_SIGN_IDENTITY[sdk=iphoneos*]" = "iPhone Developer";
				COPY_PHASE_STRIP = NO;
				GCC_C_LANGUAGE_STANDARD = gnu99;
				GCC_DYNAMIC_NO_PIC = NO;
				GCC_OPTIMIZATION_LEVEL = 0;
				GCC_PREPROCESSOR_DEFINITIONS = (
					"DEBUG=1",
					"$(inherited)",
				);
				GCC_SYMBOLS_PRIVATE_EXTERN = NO;
				GCC_WARN_ABOUT_RETURN_TYPE = YES_ERROR;
				GCC_WARN_UNDECLARED_SELECTOR = YES;
				GCC_WARN_UNINITIALIZED_AUTOS = YES;
				GCC_WARN_UNUSED_FUNCTION = YES;
				GCC_WARN_UNUSED_VARIABLE = YES;
				IPHONEOS_DEPLOYMENT_TARGET = 7.0;
				ONLY_ACTIVE_ARCH = YES;
				SDKROOT = iphoneos;
				TARGETED_DEVICE_FAMILY = "1,2";
			};
			name = Debug;
		};
		DF1E94DB17ACAF5D0090E6BD /* Release */ = {
			isa = XCBuildConfiguration;
			buildSettings = {
				ALWAYS_SEARCH_USER_PATHS = NO;
				CLANG_CXX_LANGUAGE_STANDARD = "gnu++0x";
				CLANG_CXX_LIBRARY = "libc++";
				CLANG_ENABLE_MODULES = YES;
				CLANG_ENABLE_OBJC_ARC = YES;
				CLANG_WARN_BOOL_CONVERSION = YES;
				CLANG_WARN_CONSTANT_CONVERSION = YES;
				CLANG_WARN_DIRECT_OBJC_ISA_USAGE = YES_ERROR;
				CLANG_WARN_EMPTY_BODY = YES;
				CLANG_WARN_ENUM_CONVERSION = YES;
				CLANG_WARN_INT_CONVERSION = YES;
				CLANG_WARN_OBJC_ROOT_CLASS = YES_ERROR;
				CLANG_WARN__DUPLICATE_METHOD_MATCH = YES;
				"CODE_SIGN_IDENTITY[sdk=iphoneos*]" = "iPhone Developer";
				COPY_PHASE_STRIP = YES;
				ENABLE_NS_ASSERTIONS = NO;
				GCC_C_LANGUAGE_STANDARD = gnu99;
				GCC_WARN_ABOUT_RETURN_TYPE = YES_ERROR;
				GCC_WARN_UNDECLARED_SELECTOR = YES;
				GCC_WARN_UNINITIALIZED_AUTOS = YES;
				GCC_WARN_UNUSED_FUNCTION = YES;
				GCC_WARN_UNUSED_VARIABLE = YES;
				IPHONEOS_DEPLOYMENT_TARGET = 7.0;
				SDKROOT = iphoneos;
				TARGETED_DEVICE_FAMILY = "1,2";
				VALIDATE_PRODUCT = YES;
			};
			name = Release;
		};
		DF1E94DD17ACAF5D0090E6BD /* Debug */ = {
			isa = XCBuildConfiguration;
			buildSettings = {
				ASSETCATALOG_COMPILER_APPICON_NAME = AppIcon;
				ASSETCATALOG_COMPILER_LAUNCHIMAGE_NAME = LaunchImage;
				GCC_PRECOMPILE_PREFIX_HEADER = YES;
				GCC_PREFIX_HEADER = "The Vergenizer™/The Vergenizer™-Prefix.pch";
				INFOPLIST_FILE = "The Vergenizer™/The Vergenizer™-Info.plist";
				PRODUCT_NAME = "$(TARGET_NAME)";
				WRAPPER_EXTENSION = app;
			};
			name = Debug;
		};
		DF1E94DE17ACAF5D0090E6BD /* Release */ = {
			isa = XCBuildConfiguration;
			buildSettings = {
				ASSETCATALOG_COMPILER_APPICON_NAME = AppIcon;
				ASSETCATALOG_COMPILER_LAUNCHIMAGE_NAME = LaunchImage;
				GCC_PRECOMPILE_PREFIX_HEADER = YES;
				GCC_PREFIX_HEADER = "The Vergenizer™/The Vergenizer™-Prefix.pch";
				INFOPLIST_FILE = "The Vergenizer™/The Vergenizer™-Info.plist";
				PRODUCT_NAME = "$(TARGET_NAME)";
				WRAPPER_EXTENSION = app;
			};
			name = Release;
		};
		DF1E94E017ACAF5D0090E6BD /* Debug */ = {
			isa = XCBuildConfiguration;
			buildSettings = {
				BUNDLE_LOADER = "$(BUILT_PRODUCTS_DIR)/The Vergenizer™.app/The Vergenizer™";
				FRAMEWORK_SEARCH_PATHS = (
					"$(SDKROOT)/Developer/Library/Frameworks",
					"$(inherited)",
					"$(SYSTEM_APPS_DIR)/Xcode5-DP.app/Contents/Developer/Library/Frameworks",
				);
				GCC_PRECOMPILE_PREFIX_HEADER = YES;
				GCC_PREFIX_HEADER = "The Vergenizer™/The Vergenizer™-Prefix.pch";
				GCC_PREPROCESSOR_DEFINITIONS = (
					"DEBUG=1",
					"$(inherited)",
				);
				INFOPLIST_FILE = "The Vergenizer™Tests/The Vergenizer™Tests-Info.plist";
				PRODUCT_NAME = "$(TARGET_NAME)";
				TEST_HOST = "$(BUNDLE_LOADER)";
				WRAPPER_EXTENSION = xctest;
			};
			name = Debug;
		};
		DF1E94E117ACAF5D0090E6BD /* Release */ = {
			isa = XCBuildConfiguration;
			buildSettings = {
				BUNDLE_LOADER = "$(BUILT_PRODUCTS_DIR)/The Vergenizer™.app/The Vergenizer™";
				FRAMEWORK_SEARCH_PATHS = (
					"$(SDKROOT)/Developer/Library/Frameworks",
					"$(inherited)",
					"$(SYSTEM_APPS_DIR)/Xcode5-DP.app/Contents/Developer/Library/Frameworks",
				);
				GCC_PRECOMPILE_PREFIX_HEADER = YES;
				GCC_PREFIX_HEADER = "The Vergenizer™/The Vergenizer™-Prefix.pch";
				INFOPLIST_FILE = "The Vergenizer™Tests/The Vergenizer™Tests-Info.plist";
				PRODUCT_NAME = "$(TARGET_NAME)";
				TEST_HOST = "$(BUNDLE_LOADER)";
				WRAPPER_EXTENSION = xctest;
			};
			name = Release;
		};
/* End XCBuildConfiguration section */

/* Begin XCConfigurationList section */
		DF1E94A217ACAF5C0090E6BD /* Build configuration list for PBXProject "The Vergenizer™" */ = {
			isa = XCConfigurationList;
			buildConfigurations = (
				DF1E94DA17ACAF5D0090E6BD /* Debug */,
				DF1E94DB17ACAF5D0090E6BD /* Release */,
			);
			defaultConfigurationIsVisible = 0;
			defaultConfigurationName = Release;
		};
		DF1E94DC17ACAF5D0090E6BD /* Build configuration list for PBXNativeTarget "The Vergenizer™" */ = {
			isa = XCConfigurationList;
			buildConfigurations = (
				DF1E94DD17ACAF5D0090E6BD /* Debug */,
				DF1E94DE17ACAF5D0090E6BD /* Release */,
			);
			defaultConfigurationIsVisible = 0;
		};
		DF1E94DF17ACAF5D0090E6BD /* Build configuration list for PBXNativeTarget "The Vergenizer™Tests" */ = {
			isa = XCConfigurationList;
			buildConfigurations = (
				DF1E94E017ACAF5D0090E6BD /* Debug */,
				DF1E94E117ACAF5D0090E6BD /* Release */,
			);
			defaultConfigurationIsVisible = 0;
		};
/* End XCConfigurationList section */
	};
	rootObject = DF1E949F17ACAF5C0090E6BD /* Project object */;
}
